
Microsoft Visual Studio Solution File, Format Version 12.00
# Visual Studio Version 17
VisualStudioVersion = 17.2.32616.157
MinimumVisualStudioVersion = 10.0.40219.1
Project("{FAE04EC0-301F-11D3-BF4B-00C04F79EFBC}") = "TodoList", "TodoList\TodoList.csproj", "{25140DD8-CCE2-46C2-B61C-2B097D227B8E}"
EndProject
Global
	GlobalSection(SolutionConfigurationPlatforms) = preSolution
		Debug|Any CPU = Debug|Any CPU
		Release|Any CPU = Release|Any CPU
	EndGlobalSection
	GlobalSection(ProjectConfigurationPlatforms) = postSolution
		{25140DD8-CCE2-46C2-B61C-2B097D227B8E}.Debug|Any CPU.ActiveCfg = Debug|Any CPU
		{25140DD8-CCE2-46C2-B61C-2B097D227B8E}.Debug|Any CPU.Build.0 = Debug|Any CPU
		{25140DD8-CCE2-46C2-B61C-2B097D227B8E}.Release|Any CPU.ActiveCfg = Release|Any CPU
		{25140DD8-CCE2-46C2-B61C-2B097D227B8E}.Release|Any CPU.Build.0 = Release|Any CPU
	EndGlobalSection
	GlobalSection(SolutionProperties) = preSolution
		HideSolutionNode = FALSE
	EndGlobalSection
	GlobalSection(ExtensibilityGlobals) = postSolution
		SolutionGuid = {DE48487D-7AFE-491A-A3CD-A38A6E2273BC}
	EndGlobalSection
EndGlobal
